// !$*UTF8*$!
{
	archiveVersion = 1;
	classes = {
	};
	objectVersion = 55;
	objects = {

/* Begin PBXBuildFile section */
		3C3160909D477A683F0CEE19 /* Pods_Skyline.framework in Frameworks */ = {isa = PBXBuildFile; fileRef = CEFDCB7C55D1482C436979C8 /* Pods_Skyline.framework */; };
		522C592D2884747E004F739D /* AppDelegate.swift in Sources */ = {isa = PBXBuildFile; fileRef = 522C592C2884747E004F739D /* AppDelegate.swift */; };
		522C592F2884747E004F739D /* SceneDelegate.swift in Sources */ = {isa = PBXBuildFile; fileRef = 522C592E2884747E004F739D /* SceneDelegate.swift */; };
		522C59312884747E004F739D /* ProfileViewController.swift in Sources */ = {isa = PBXBuildFile; fileRef = 522C59302884747E004F739D /* ProfileViewController.swift */; };
		522C59342884747E004F739D /* Main.storyboard in Resources */ = {isa = PBXBuildFile; fileRef = 522C59322884747E004F739D /* Main.storyboard */; };
		522C593628847482004F739D /* Assets.xcassets in Resources */ = {isa = PBXBuildFile; fileRef = 522C593528847482004F739D /* Assets.xcassets */; };
		522C593928847482004F739D /* LaunchScreen.storyboard in Resources */ = {isa = PBXBuildFile; fileRef = 522C593728847482004F739D /* LaunchScreen.storyboard */; };
		522C5941288482C5004F739D /* AutorizationScreen.swift in Sources */ = {isa = PBXBuildFile; fileRef = 522C5940288482C5004F739D /* AutorizationScreen.swift */; };
		522C5945288483DE004F739D /* Podfile in Resources */ = {isa = PBXBuildFile; fileRef = 522C5944288483DE004F739D /* Podfile */; };
		5262CEC928848E6D00DFFEB2 /* README.md in Resources */ = {isa = PBXBuildFile; fileRef = 5262CEC828848E6D00DFFEB2 /* README.md */; };
		5262CECF288858DE00DFFEB2 /* GetUIDFromSkyline.swift in Sources */ = {isa = PBXBuildFile; fileRef = 5262CECE288858DE00DFFEB2 /* GetUIDFromSkyline.swift */; };
		5262CED5288F026A00DFFEB2 /* UserDetailsInformationModel.swift in Sources */ = {isa = PBXBuildFile; fileRef = 5262CED4288F026A00DFFEB2 /* UserDetailsInformationModel.swift */; };
		5262CED7288F134B00DFFEB2 /* PersonalInformation.swift in Sources */ = {isa = PBXBuildFile; fileRef = 5262CED6288F134B00DFFEB2 /* PersonalInformation.swift */; };
		5274314F28915F8000057034 /* UserInternetServicesModel.swift in Sources */ = {isa = PBXBuildFile; fileRef = 5274314E28915F8000057034 /* UserInternetServicesModel.swift */; };
		527431562892B2BB00057034 /* SettingsViewControllerViewController.swift in Sources */ = {isa = PBXBuildFile; fileRef = 527431552892B2BB00057034 /* SettingsViewControllerViewController.swift */; };
		529FAF8F289FDA3E00D9C57F /* Push.swift in Sources */ = {isa = PBXBuildFile; fileRef = 529FAF8E289FDA3E00D9C57F /* Push.swift */; };
		529FAF9228A0006C00D9C57F /* DepositModel.swift in Sources */ = {isa = PBXBuildFile; fileRef = 529FAF9128A0006B00D9C57F /* DepositModel.swift */; };
		529FAF9528A00A8A00D9C57F /* WarningExpireModel.swift in Sources */ = {isa = PBXBuildFile; fileRef = 529FAF9428A00A8A00D9C57F /* WarningExpireModel.swift */; };
		529FAF9728A246C100D9C57F /* UserDefaultsCases.swift in Sources */ = {isa = PBXBuildFile; fileRef = 529FAF9628A246C100D9C57F /* UserDefaultsCases.swift */; };
		52C2E3EF2892F9E6006902C2 /* MenuListTableViewController.swift in Sources */ = {isa = PBXBuildFile; fileRef = 52C2E3EE2892F9E6006902C2 /* MenuListTableViewController.swift */; };
		52C2E3F1289529FD006902C2 /* InternetPlusClassViewController.swift in Sources */ = {isa = PBXBuildFile; fileRef = 52C2E3F0289529FD006902C2 /* InternetPlusClassViewController.swift */; };
		52C2E3F328952A0C006902C2 /* RefillByCardViewController.swift in Sources */ = {isa = PBXBuildFile; fileRef = 52C2E3F228952A0C006902C2 /* RefillByCardViewController.swift */; };
		52C2E3F528952A26006902C2 /* Logout.swift in Sources */ = {isa = PBXBuildFile; fileRef = 52C2E3F428952A26006902C2 /* Logout.swift */; };
/* End PBXBuildFile section */

/* Begin PBXFileReference section */
		522C59292884747E004F739D /* Skyline.app */ = {isa = PBXFileReference; explicitFileType = wrapper.application; includeInIndex = 0; path = Skyline.app; sourceTree = BUILT_PRODUCTS_DIR; };
		522C592C2884747E004F739D /* AppDelegate.swift */ = {isa = PBXFileReference; lastKnownFileType = sourcecode.swift; path = AppDelegate.swift; sourceTree = "<group>"; };
		522C592E2884747E004F739D /* SceneDelegate.swift */ = {isa = PBXFileReference; lastKnownFileType = sourcecode.swift; path = SceneDelegate.swift; sourceTree = "<group>"; };
		522C59302884747E004F739D /* ProfileViewController.swift */ = {isa = PBXFileReference; lastKnownFileType = sourcecode.swift; path = ProfileViewController.swift; sourceTree = "<group>"; };
		522C59332884747E004F739D /* Base */ = {isa = PBXFileReference; lastKnownFileType = file.storyboard; name = Base; path = Base.lproj/Main.storyboard; sourceTree = "<group>"; };
		522C593528847482004F739D /* Assets.xcassets */ = {isa = PBXFileReference; lastKnownFileType = folder.assetcatalog; path = Assets.xcassets; sourceTree = "<group>"; };
		522C593828847482004F739D /* Base */ = {isa = PBXFileReference; lastKnownFileType = file.storyboard; name = Base; path = Base.lproj/LaunchScreen.storyboard; sourceTree = "<group>"; };
		522C593A28847482004F739D /* Info.plist */ = {isa = PBXFileReference; lastKnownFileType = text.plist.xml; path = Info.plist; sourceTree = "<group>"; };
		522C5940288482C5004F739D /* AutorizationScreen.swift */ = {isa = PBXFileReference; lastKnownFileType = sourcecode.swift; path = AutorizationScreen.swift; sourceTree = "<group>"; };
		522C5944288483DE004F739D /* Podfile */ = {isa = PBXFileReference; fileEncoding = 4; lastKnownFileType = text; path = Podfile; sourceTree = "<group>"; xcLanguageSpecificationIdentifier = xcode.lang.ruby; };
		5262CEC828848E6D00DFFEB2 /* README.md */ = {isa = PBXFileReference; fileEncoding = 4; lastKnownFileType = net.daringfireball.markdown; path = README.md; sourceTree = SOURCE_ROOT; };
		5262CECE288858DE00DFFEB2 /* GetUIDFromSkyline.swift */ = {isa = PBXFileReference; fileEncoding = 4; lastKnownFileType = sourcecode.swift; name = GetUIDFromSkyline.swift; path = Skyline/GetUIDFromSkyline.swift; sourceTree = SOURCE_ROOT; };
		5262CED4288F026A00DFFEB2 /* UserDetailsInformationModel.swift */ = {isa = PBXFileReference; fileEncoding = 4; lastKnownFileType = sourcecode.swift; path = UserDetailsInformationModel.swift; sourceTree = "<group>"; };
		5262CED6288F134B00DFFEB2 /* PersonalInformation.swift */ = {isa = PBXFileReference; lastKnownFileType = sourcecode.swift; path = PersonalInformation.swift; sourceTree = "<group>"; };
		5274314E28915F8000057034 /* UserInternetServicesModel.swift */ = {isa = PBXFileReference; fileEncoding = 4; lastKnownFileType = sourcecode.swift; path = UserInternetServicesModel.swift; sourceTree = "<group>"; };
		527431552892B2BB00057034 /* SettingsViewControllerViewController.swift */ = {isa = PBXFileReference; lastKnownFileType = sourcecode.swift; path = SettingsViewControllerViewController.swift; sourceTree = "<group>"; };
		529FAF8E289FDA3E00D9C57F /* Push.swift */ = {isa = PBXFileReference; lastKnownFileType = sourcecode.swift; path = Push.swift; sourceTree = "<group>"; };
		529FAF9128A0006B00D9C57F /* DepositModel.swift */ = {isa = PBXFileReference; fileEncoding = 4; lastKnownFileType = sourcecode.swift; path = DepositModel.swift; sourceTree = "<group>"; };
		529FAF9428A00A8A00D9C57F /* WarningExpireModel.swift */ = {isa = PBXFileReference; fileEncoding = 4; lastKnownFileType = sourcecode.swift; path = WarningExpireModel.swift; sourceTree = "<group>"; };
		529FAF9628A246C100D9C57F /* UserDefaultsCases.swift */ = {isa = PBXFileReference; lastKnownFileType = sourcecode.swift; path = UserDefaultsCases.swift; sourceTree = "<group>"; };
		52C2E3EE2892F9E6006902C2 /* MenuListTableViewController.swift */ = {isa = PBXFileReference; lastKnownFileType = sourcecode.swift; path = MenuListTableViewController.swift; sourceTree = "<group>"; };
		52C2E3F0289529FD006902C2 /* InternetPlusClassViewController.swift */ = {isa = PBXFileReference; lastKnownFileType = sourcecode.swift; path = InternetPlusClassViewController.swift; sourceTree = "<group>"; };
		52C2E3F228952A0C006902C2 /* RefillByCardViewController.swift */ = {isa = PBXFileReference; lastKnownFileType = sourcecode.swift; path = RefillByCardViewController.swift; sourceTree = "<group>"; };
		52C2E3F428952A26006902C2 /* Logout.swift */ = {isa = PBXFileReference; lastKnownFileType = sourcecode.swift; path = Logout.swift; sourceTree = "<group>"; };
		C0DEB7628834E41FE30080F2 /* Pods-Skyline.release.xcconfig */ = {isa = PBXFileReference; includeInIndex = 1; lastKnownFileType = text.xcconfig; name = "Pods-Skyline.release.xcconfig"; path = "Target Support Files/Pods-Skyline/Pods-Skyline.release.xcconfig"; sourceTree = "<group>"; };
		CEFDCB7C55D1482C436979C8 /* Pods_Skyline.framework */ = {isa = PBXFileReference; explicitFileType = wrapper.framework; includeInIndex = 0; path = Pods_Skyline.framework; sourceTree = BUILT_PRODUCTS_DIR; };
		FC6F7CE331AFA0D0204D981B /* Pods-Skyline.debug.xcconfig */ = {isa = PBXFileReference; includeInIndex = 1; lastKnownFileType = text.xcconfig; name = "Pods-Skyline.debug.xcconfig"; path = "Target Support Files/Pods-Skyline/Pods-Skyline.debug.xcconfig"; sourceTree = "<group>"; };
/* End PBXFileReference section */

/* Begin PBXFrameworksBuildPhase section */
		522C59262884747E004F739D /* Frameworks */ = {
			isa = PBXFrameworksBuildPhase;
			buildActionMask = 2147483647;
			files = (
				3C3160909D477A683F0CEE19 /* Pods_Skyline.framework in Frameworks */,
			);
			runOnlyForDeploymentPostprocessing = 0;
		};
/* End PBXFrameworksBuildPhase section */

/* Begin PBXGroup section */
		1D899647CF7083337F8709CA /* Frameworks */ = {
			isa = PBXGroup;
			children = (
				CEFDCB7C55D1482C436979C8 /* Pods_Skyline.framework */,
			);
			name = Frameworks;
			sourceTree = "<group>";
		};
		37886318EA9501586CCBD014 /* Pods */ = {
			isa = PBXGroup;
			children = (
				FC6F7CE331AFA0D0204D981B /* Pods-Skyline.debug.xcconfig */,
				C0DEB7628834E41FE30080F2 /* Pods-Skyline.release.xcconfig */,
			);
			path = Pods;
			sourceTree = "<group>";
		};
		522C59202884747E004F739D = {
			isa = PBXGroup;
			children = (
				522C5944288483DE004F739D /* Podfile */,
				522C592B2884747E004F739D /* Skyline */,
				522C592A2884747E004F739D /* Products */,
				37886318EA9501586CCBD014 /* Pods */,
				1D899647CF7083337F8709CA /* Frameworks */,
			);
			sourceTree = "<group>";
		};
		522C592A2884747E004F739D /* Products */ = {
			isa = PBXGroup;
			children = (
				522C59292884747E004F739D /* Skyline.app */,
			);
			name = Products;
			sourceTree = "<group>";
		};
		522C592B2884747E004F739D /* Skyline */ = {
			isa = PBXGroup;
			children = (
				5262CEC828848E6D00DFFEB2 /* README.md */,
				522C592E2884747E004F739D /* SceneDelegate.swift */,
				522C592C2884747E004F739D /* AppDelegate.swift */,
				52C2E3EE2892F9E6006902C2 /* MenuListTableViewController.swift */,
				5262CED6288F134B00DFFEB2 /* PersonalInformation.swift */,
				529FAF9628A246C100D9C57F /* UserDefaultsCases.swift */,
				5262CECC2888553E00DFFEB2 /* AutorizationScreen */,
				52C2E3ED2892F986006902C2 /* ProfileViewController */,
				52C2E3F628969DA5006902C2 /* InternetPlusScreen */,
				529FAF8D289FCA1500D9C57F /* SettingsViewControllerScreen */,
				52C2E3F228952A0C006902C2 /* RefillByCardViewController.swift */,
				52C2E3F428952A26006902C2 /* Logout.swift */,
				529FAF8E289FDA3E00D9C57F /* Push.swift */,
				522C59322884747E004F739D /* Main.storyboard */,
				522C593528847482004F739D /* Assets.xcassets */,
				522C593728847482004F739D /* LaunchScreen.storyboard */,
				522C593A28847482004F739D /* Info.plist */,
			);
			path = Skyline;
			sourceTree = "<group>";
		};
		5262CECC2888553E00DFFEB2 /* AutorizationScreen */ = {
			isa = PBXGroup;
			children = (
				5262CED4288F026A00DFFEB2 /* UserDetailsInformationModel.swift */,
				522C5940288482C5004F739D /* AutorizationScreen.swift */,
				5262CECE288858DE00DFFEB2 /* GetUIDFromSkyline.swift */,
			);
			path = AutorizationScreen;
			sourceTree = "<group>";
		};
		5274314B28915EE600057034 /* UserInternetServicesModel */ = {
			isa = PBXGroup;
			children = (
				5274314E28915F8000057034 /* UserInternetServicesModel.swift */,
			);
			path = UserInternetServicesModel;
			sourceTree = "<group>";
		};
		529FAF8D289FCA1500D9C57F /* SettingsViewControllerScreen */ = {
			isa = PBXGroup;
			children = (
				527431552892B2BB00057034 /* SettingsViewControllerViewController.swift */,
			);
			path = SettingsViewControllerScreen;
			sourceTree = "<group>";
		};
		529FAF9328A00A6600D9C57F /* Models */ = {
			isa = PBXGroup;
			children = (
				529FAF9428A00A8A00D9C57F /* WarningExpireModel.swift */,
				529FAF9128A0006B00D9C57F /* DepositModel.swift */,
			);
			path = Models;
			sourceTree = "<group>";
		};
		52C2E3ED2892F986006902C2 /* ProfileViewController */ = {
			isa = PBXGroup;
			children = (
				529FAF9328A00A6600D9C57F /* Models */,
				522C59302884747E004F739D /* ProfileViewController.swift */,
			);
			path = ProfileViewController;
			sourceTree = "<group>";
		};
		52C2E3F628969DA5006902C2 /* InternetPlusScreen */ = {
			isa = PBXGroup;
			children = (
				5274314B28915EE600057034 /* UserInternetServicesModel */,
				52C2E3F0289529FD006902C2 /* InternetPlusClassViewController.swift */,
			);
			path = InternetPlusScreen;
			sourceTree = "<group>";
		};
/* End PBXGroup section */

/* Begin PBXNativeTarget section */
		522C59282884747E004F739D /* Skyline */ = {
			isa = PBXNativeTarget;
			buildConfigurationList = 522C593D28847482004F739D /* Build configuration list for PBXNativeTarget "Skyline" */;
			buildPhases = (
				4C2FEAE659EC154709FA3914 /* [CP] Check Pods Manifest.lock */,
				522C59252884747E004F739D /* Sources */,
				522C59262884747E004F739D /* Frameworks */,
				522C59272884747E004F739D /* Resources */,
				87662437953DF60A9AC93653 /* [CP] Embed Pods Frameworks */,
			);
			buildRules = (
			);
			dependencies = (
			);
			name = Skyline;
			productName = Skyline;
			productReference = 522C59292884747E004F739D /* Skyline.app */;
			productType = "com.apple.product-type.application";
		};
/* End PBXNativeTarget section */

/* Begin PBXProject section */
		522C59212884747E004F739D /* Project object */ = {
			isa = PBXProject;
			attributes = {
				BuildIndependentTargetsInParallel = 1;
				LastSwiftUpdateCheck = 1320;
				LastUpgradeCheck = 1320;
				TargetAttributes = {
					522C59282884747E004F739D = {
						CreatedOnToolsVersion = 13.2.1;
					};
				};
			};
			buildConfigurationList = 522C59242884747E004F739D /* Build configuration list for PBXProject "Skyline" */;
			compatibilityVersion = "Xcode 13.0";
			developmentRegion = en;
			hasScannedForEncodings = 0;
			knownRegions = (
				en,
				Base,
			);
			mainGroup = 522C59202884747E004F739D;
			productRefGroup = 522C592A2884747E004F739D /* Products */;
			projectDirPath = "";
			projectRoot = "";
			targets = (
				522C59282884747E004F739D /* Skyline */,
			);
		};
/* End PBXProject section */

/* Begin PBXResourcesBuildPhase section */
		522C59272884747E004F739D /* Resources */ = {
			isa = PBXResourcesBuildPhase;
			buildActionMask = 2147483647;
			files = (
				522C593928847482004F739D /* LaunchScreen.storyboard in Resources */,
				522C593628847482004F739D /* Assets.xcassets in Resources */,
				5262CEC928848E6D00DFFEB2 /* README.md in Resources */,
				522C5945288483DE004F739D /* Podfile in Resources */,
				522C59342884747E004F739D /* Main.storyboard in Resources */,
			);
			runOnlyForDeploymentPostprocessing = 0;
		};
/* End PBXResourcesBuildPhase section */

/* Begin PBXShellScriptBuildPhase section */
		4C2FEAE659EC154709FA3914 /* [CP] Check Pods Manifest.lock */ = {
			isa = PBXShellScriptBuildPhase;
			buildActionMask = 2147483647;
			files = (
			);
			inputFileListPaths = (
			);
			inputPaths = (
				"${PODS_PODFILE_DIR_PATH}/Podfile.lock",
				"${PODS_ROOT}/Manifest.lock",
			);
			name = "[CP] Check Pods Manifest.lock";
			outputFileListPaths = (
			);
			outputPaths = (
				"$(DERIVED_FILE_DIR)/Pods-Skyline-checkManifestLockResult.txt",
			);
			runOnlyForDeploymentPostprocessing = 0;
			shellPath = /bin/sh;
			shellScript = "diff \"${PODS_PODFILE_DIR_PATH}/Podfile.lock\" \"${PODS_ROOT}/Manifest.lock\" > /dev/null\nif [ $? != 0 ] ; then\n    # print error to STDERR\n    echo \"error: The sandbox is not in sync with the Podfile.lock. Run 'pod install' or update your CocoaPods installation.\" >&2\n    exit 1\nfi\n# This output is used by Xcode 'outputs' to avoid re-running this script phase.\necho \"SUCCESS\" > \"${SCRIPT_OUTPUT_FILE_0}\"\n";
			showEnvVarsInLog = 0;
		};
		87662437953DF60A9AC93653 /* [CP] Embed Pods Frameworks */ = {
			isa = PBXShellScriptBuildPhase;
			buildActionMask = 2147483647;
			files = (
			);
			inputFileListPaths = (
				"${PODS_ROOT}/Target Support Files/Pods-Skyline/Pods-Skyline-frameworks-${CONFIGURATION}-input-files.xcfilelist",
			);
			name = "[CP] Embed Pods Frameworks";
			outputFileListPaths = (
				"${PODS_ROOT}/Target Support Files/Pods-Skyline/Pods-Skyline-frameworks-${CONFIGURATION}-output-files.xcfilelist",
			);
			runOnlyForDeploymentPostprocessing = 0;
			shellPath = /bin/sh;
			shellScript = "\"${PODS_ROOT}/Target Support Files/Pods-Skyline/Pods-Skyline-frameworks.sh\"\n";
			showEnvVarsInLog = 0;
		};
/* End PBXShellScriptBuildPhase section */

/* Begin PBXSourcesBuildPhase section */
		522C59252884747E004F739D /* Sources */ = {
			isa = PBXSourcesBuildPhase;
			buildActionMask = 2147483647;
			files = (
				5262CECF288858DE00DFFEB2 /* GetUIDFromSkyline.swift in Sources */,
				529FAF9728A246C100D9C57F /* UserDefaultsCases.swift in Sources */,
				522C59312884747E004F739D /* ProfileViewController.swift in Sources */,
				52C2E3F528952A26006902C2 /* Logout.swift in Sources */,
				527431562892B2BB00057034 /* SettingsViewControllerViewController.swift in Sources */,
				52C2E3EF2892F9E6006902C2 /* MenuListTableViewController.swift in Sources */,
				52C2E3F328952A0C006902C2 /* RefillByCardViewController.swift in Sources */,
				52C2E3F1289529FD006902C2 /* InternetPlusClassViewController.swift in Sources */,
				522C592D2884747E004F739D /* AppDelegate.swift in Sources */,
				5262CED5288F026A00DFFEB2 /* UserDetailsInformationModel.swift in Sources */,
				5262CED7288F134B00DFFEB2 /* PersonalInformation.swift in Sources */,
				522C5941288482C5004F739D /* AutorizationScreen.swift in Sources */,
				529FAF8F289FDA3E00D9C57F /* Push.swift in Sources */,
				522C592F2884747E004F739D /* SceneDelegate.swift in Sources */,
				529FAF9528A00A8A00D9C57F /* WarningExpireModel.swift in Sources */,
				5274314F28915F8000057034 /* UserInternetServicesModel.swift in Sources */,
				529FAF9228A0006C00D9C57F /* DepositModel.swift in Sources */,
			);
			runOnlyForDeploymentPostprocessing = 0;
		};
/* End PBXSourcesBuildPhase section */

/* Begin PBXVariantGroup section */
		522C59322884747E004F739D /* Main.storyboard */ = {
			isa = PBXVariantGroup;
			children = (
				522C59332884747E004F739D /* Base */,
			);
			name = Main.storyboard;
			sourceTree = "<group>";
		};
		522C593728847482004F739D /* LaunchScreen.storyboard */ = {
			isa = PBXVariantGroup;
			children = (
				522C593828847482004F739D /* Base */,
			);
			name = LaunchScreen.storyboard;
			sourceTree = "<group>";
		};
/* End PBXVariantGroup section */

/* Begin XCBuildConfiguration section */
		522C593B28847482004F739D /* Debug */ = {
			isa = XCBuildConfiguration;
			buildSettings = {
				ALWAYS_SEARCH_USER_PATHS = NO;
				CLANG_ANALYZER_NONNULL = YES;
				CLANG_ANALYZER_NUMBER_OBJECT_CONVERSION = YES_AGGRESSIVE;
				CLANG_CXX_LANGUAGE_STANDARD = "gnu++17";
				CLANG_CXX_LIBRARY = "libc++";
				CLANG_ENABLE_MODULES = YES;
				CLANG_ENABLE_OBJC_ARC = YES;
				CLANG_ENABLE_OBJC_WEAK = YES;
				CLANG_WARN_BLOCK_CAPTURE_AUTORELEASING = YES;
				CLANG_WARN_BOOL_CONVERSION = YES;
				CLANG_WARN_COMMA = YES;
				CLANG_WARN_CONSTANT_CONVERSION = YES;
				CLANG_WARN_DEPRECATED_OBJC_IMPLEMENTATIONS = YES;
				CLANG_WARN_DIRECT_OBJC_ISA_USAGE = YES_ERROR;
				CLANG_WARN_DOCUMENTATION_COMMENTS = YES;
				CLANG_WARN_EMPTY_BODY = YES;
				CLANG_WARN_ENUM_CONVERSION = YES;
				CLANG_WARN_INFINITE_RECURSION = YES;
				CLANG_WARN_INT_CONVERSION = YES;
				CLANG_WARN_NON_LITERAL_NULL_CONVERSION = YES;
				CLANG_WARN_OBJC_IMPLICIT_RETAIN_SELF = YES;
				CLANG_WARN_OBJC_LITERAL_CONVERSION = YES;
				CLANG_WARN_OBJC_ROOT_CLASS = YES_ERROR;
				CLANG_WARN_QUOTED_INCLUDE_IN_FRAMEWORK_HEADER = YES;
				CLANG_WARN_RANGE_LOOP_ANALYSIS = YES;
				CLANG_WARN_STRICT_PROTOTYPES = YES;
				CLANG_WARN_SUSPICIOUS_MOVE = YES;
				CLANG_WARN_UNGUARDED_AVAILABILITY = YES_AGGRESSIVE;
				CLANG_WARN_UNREACHABLE_CODE = YES;
				CLANG_WARN__DUPLICATE_METHOD_MATCH = YES;
				COPY_PHASE_STRIP = NO;
				DEBUG_INFORMATION_FORMAT = dwarf;
				ENABLE_STRICT_OBJC_MSGSEND = YES;
				ENABLE_TESTABILITY = YES;
				GCC_C_LANGUAGE_STANDARD = gnu11;
				GCC_DYNAMIC_NO_PIC = NO;
				GCC_NO_COMMON_BLOCKS = YES;
				GCC_OPTIMIZATION_LEVEL = 0;
				GCC_PREPROCESSOR_DEFINITIONS = (
					"DEBUG=1",
					"$(inherited)",
				);
				GCC_WARN_64_TO_32_BIT_CONVERSION = YES;
				GCC_WARN_ABOUT_RETURN_TYPE = YES_ERROR;
				GCC_WARN_UNDECLARED_SELECTOR = YES;
				GCC_WARN_UNINITIALIZED_AUTOS = YES_AGGRESSIVE;
				GCC_WARN_UNUSED_FUNCTION = YES;
				GCC_WARN_UNUSED_VARIABLE = YES;
				IPHONEOS_DEPLOYMENT_TARGET = 15.2;
				MTL_ENABLE_DEBUG_INFO = INCLUDE_SOURCE;
				MTL_FAST_MATH = YES;
				ONLY_ACTIVE_ARCH = YES;
				SDKROOT = iphoneos;
				SWIFT_ACTIVE_COMPILATION_CONDITIONS = DEBUG;
				SWIFT_OPTIMIZATION_LEVEL = "-Onone";
			};
			name = Debug;
		};
		522C593C28847482004F739D /* Release */ = {
			isa = XCBuildConfiguration;
			buildSettings = {
				ALWAYS_SEARCH_USER_PATHS = NO;
				CLANG_ANALYZER_NONNULL = YES;
				CLANG_ANALYZER_NUMBER_OBJECT_CONVERSION = YES_AGGRESSIVE;
				CLANG_CXX_LANGUAGE_STANDARD = "gnu++17";
				CLANG_CXX_LIBRARY = "libc++";
				CLANG_ENABLE_MODULES = YES;
				CLANG_ENABLE_OBJC_ARC = YES;
				CLANG_ENABLE_OBJC_WEAK = YES;
				CLANG_WARN_BLOCK_CAPTURE_AUTORELEASING = YES;
				CLANG_WARN_BOOL_CONVERSION = YES;
				CLANG_WARN_COMMA = YES;
				CLANG_WARN_CONSTANT_CONVERSION = YES;
				CLANG_WARN_DEPRECATED_OBJC_IMPLEMENTATIONS = YES;
				CLANG_WARN_DIRECT_OBJC_ISA_USAGE = YES_ERROR;
				CLANG_WARN_DOCUMENTATION_COMMENTS = YES;
				CLANG_WARN_EMPTY_BODY = YES;
				CLANG_WARN_ENUM_CONVERSION = YES;
				CLANG_WARN_INFINITE_RECURSION = YES;
				CLANG_WARN_INT_CONVERSION = YES;
				CLANG_WARN_NON_LITERAL_NULL_CONVERSION = YES;
				CLANG_WARN_OBJC_IMPLICIT_RETAIN_SELF = YES;
				CLANG_WARN_OBJC_LITERAL_CONVERSION = YES;
				CLANG_WARN_OBJC_ROOT_CLASS = YES_ERROR;
				CLANG_WARN_QUOTED_INCLUDE_IN_FRAMEWORK_HEADER = YES;
				CLANG_WARN_RANGE_LOOP_ANALYSIS = YES;
				CLANG_WARN_STRICT_PROTOTYPES = YES;
				CLANG_WARN_SUSPICIOUS_MOVE = YES;
				CLANG_WARN_UNGUARDED_AVAILABILITY = YES_AGGRESSIVE;
				CLANG_WARN_UNREACHABLE_CODE = YES;
				CLANG_WARN__DUPLICATE_METHOD_MATCH = YES;
				COPY_PHASE_STRIP = NO;
				DEBUG_INFORMATION_FORMAT = "dwarf-with-dsym";
				ENABLE_NS_ASSERTIONS = NO;
				ENABLE_STRICT_OBJC_MSGSEND = YES;
				GCC_C_LANGUAGE_STANDARD = gnu11;
				GCC_NO_COMMON_BLOCKS = YES;
				GCC_WARN_64_TO_32_BIT_CONVERSION = YES;
				GCC_WARN_ABOUT_RETURN_TYPE = YES_ERROR;
				GCC_WARN_UNDECLARED_SELECTOR = YES;
				GCC_WARN_UNINITIALIZED_AUTOS = YES_AGGRESSIVE;
				GCC_WARN_UNUSED_FUNCTION = YES;
				GCC_WARN_UNUSED_VARIABLE = YES;
				IPHONEOS_DEPLOYMENT_TARGET = 15.2;
				MTL_ENABLE_DEBUG_INFO = NO;
				MTL_FAST_MATH = YES;
				SDKROOT = iphoneos;
				SWIFT_COMPILATION_MODE = wholemodule;
				SWIFT_OPTIMIZATION_LEVEL = "-O";
				VALIDATE_PRODUCT = YES;
			};
			name = Release;
		};
		522C593E28847482004F739D /* Debug */ = {
			isa = XCBuildConfiguration;
			baseConfigurationReference = FC6F7CE331AFA0D0204D981B /* Pods-Skyline.debug.xcconfig */;
			buildSettings = {
				ASSETCATALOG_COMPILER_APPICON_NAME = AppIcon;
				ASSETCATALOG_COMPILER_GLOBAL_ACCENT_COLOR_NAME = AccentColor;
				CODE_SIGN_STYLE = Automatic;
				CURRENT_PROJECT_VERSION = 1;
				GENERATE_INFOPLIST_FILE = YES;
				INFOPLIST_FILE = Skyline/Info.plist;
				INFOPLIST_KEY_UIApplicationSupportsIndirectInputEvents = YES;
				INFOPLIST_KEY_UILaunchStoryboardName = Main;
				INFOPLIST_KEY_UIMainStoryboardFile = Main;
				INFOPLIST_KEY_UISupportedInterfaceOrientations = UIInterfaceOrientationPortrait;
				INFOPLIST_KEY_UISupportedInterfaceOrientations_iPad = "UIInterfaceOrientationPortrait UIInterfaceOrientationPortraitUpsideDown UIInterfaceOrientationLandscapeLeft UIInterfaceOrientationLandscapeRight";
				INFOPLIST_KEY_UISupportedInterfaceOrientations_iPhone = UIInterfaceOrientationPortrait;
				LD_RUNPATH_SEARCH_PATHS = (
					"$(inherited)",
					"@executable_path/Frameworks",
				);
				MARKETING_VERSION = 1.0;
				PRODUCT_BUNDLE_IDENTIFIER = gokov.Skyline;
				PRODUCT_NAME = "$(TARGET_NAME)";
				SWIFT_EMIT_LOC_STRINGS = YES;
				SWIFT_VERSION = 5.0;
				TARGETED_DEVICE_FAMILY = 1;
			};
			name = Debug;
		};
		522C593F28847482004F739D /* Release */ = {
			isa = XCBuildConfiguration;
			baseConfigurationReference = C0DEB7628834E41FE30080F2 /* Pods-Skyline.release.xcconfig */;
			buildSettings = {
				ASSETCATALOG_COMPILER_APPICON_NAME = AppIcon;
				ASSETCATALOG_COMPILER_GLOBAL_ACCENT_COLOR_NAME = AccentColor;
				CODE_SIGN_STYLE = Automatic;
				CURRENT_PROJECT_VERSION = 1;
				GENERATE_INFOPLIST_FILE = YES;
				INFOPLIST_FILE = Skyline/Info.plist;
				INFOPLIST_KEY_UIApplicationSupportsIndirectInputEvents = YES;
				INFOPLIST_KEY_UILaunchStoryboardName = Main;
				INFOPLIST_KEY_UIMainStoryboardFile = Main;
				INFOPLIST_KEY_UISupportedInterfaceOrientations = UIInterfaceOrientationPortrait;
				INFOPLIST_KEY_UISupportedInterfaceOrientations_iPad = "UIInterfaceOrientationPortrait UIInterfaceOrientationPortraitUpsideDown UIInterfaceOrientationLandscapeLeft UIInterfaceOrientationLandscapeRight";
				INFOPLIST_KEY_UISupportedInterfaceOrientations_iPhone = UIInterfaceOrientationPortrait;
				LD_RUNPATH_SEARCH_PATHS = (
					"$(inherited)",
					"@executable_path/Frameworks",
				);
				MARKETING_VERSION = 1.0;
				PRODUCT_BUNDLE_IDENTIFIER = gokov.Skyline;
				PRODUCT_NAME = "$(TARGET_NAME)";
				SWIFT_EMIT_LOC_STRINGS = YES;
				SWIFT_VERSION = 5.0;
				TARGETED_DEVICE_FAMILY = 1;
			};
			name = Release;
		};
/* End XCBuildConfiguration section */

/* Begin XCConfigurationList section */
		522C59242884747E004F739D /* Build configuration list for PBXProject "Skyline" */ = {
			isa = XCConfigurationList;
			buildConfigurations = (
				522C593B28847482004F739D /* Debug */,
				522C593C28847482004F739D /* Release */,
			);
			defaultConfigurationIsVisible = 0;
			defaultConfigurationName = Release;
		};
		522C593D28847482004F739D /* Build configuration list for PBXNativeTarget "Skyline" */ = {
			isa = XCConfigurationList;
			buildConfigurations = (
				522C593E28847482004F739D /* Debug */,
				522C593F28847482004F739D /* Release */,
			);
			defaultConfigurationIsVisible = 0;
			defaultConfigurationName = Release;
		};
/* End XCConfigurationList section */
	};
	rootObject = 522C59212884747E004F739D /* Project object */;
}
